
Microsoft Visual Studio Solution File, Format Version 12.00
# Visual Studio 15
VisualStudioVersion = 15.0.28307.852
MinimumVisualStudioVersion = 10.0.40219.1
Project("{FAE04EC0-301F-11D3-BF4B-00C04F79EFBC}") = "portscan", "portscan\portscan.csproj", "{79F9F265-C34A-4F63-8A61-24622B8D5D06}"
EndProject
Global
	GlobalSection(SolutionConfigurationPlatforms) = preSolution
		Debug|Any CPU = Debug|Any CPU
		Release|Any CPU = Release|Any CPU
	EndGlobalSection
	GlobalSection(ProjectConfigurationPlatforms) = postSolution
		{79F9F265-C34A-4F63-8A61-24622B8D5D06}.Debug|Any CPU.ActiveCfg = Debug|Any CPU
		{79F9F265-C34A-4F63-8A61-24622B8D5D06}.Debug|Any CPU.Build.0 = Debug|Any CPU
		{79F9F265-C34A-4F63-8A61-24622B8D5D06}.Release|Any CPU.ActiveCfg = Release|Any CPU
		{79F9F265-C34A-4F63-8A61-24622B8D5D06}.Release|Any CPU.Build.0 = Release|Any CPU
	EndGlobalSection
	GlobalSection(SolutionProperties) = preSolution
		HideSolutionNode = FALSE
	EndGlobalSection
	GlobalSection(ExtensibilityGlobals) = postSolution
		SolutionGuid = {1198E0CE-FA5A-4227-B507-0412D842E3FC}
	EndGlobalSection
EndGlobal
